lockfileVersion: 5.3

importers:

  .:
    specifiers: {}

  ../../projects/project-a:
    specifiers:
      project-c: workspace:*
    dependencies:
      project-c: link:../project-c

  ../../projects/project-b:
    specifiers:
      project-c: workspace:*
    dependencies:
      project-c: link:../project-c

  ../../projects/project-c:
    specifiers: {}

  ../../projects/project-d:
    specifiers:
      project-e: workspace:*
    dependencies:
      project-e: link:../project-e

  ../../projects/project-e:
    specifiers: {}
